{
  "name": "mosaic",
  "version": "1.0.0",
  "lockfileVersion": 1,
  "requires": true,
  "dependencies": {
    "mosaic-framework": {
      "version": "0.9.1",
      "resolved": "https://registry.npmjs.org/mosaic-framework/-/mosaic-framework-0.9.1.tgz",
      "integrity": "sha512-6kPz3ECZUUfU/hwt5cOYNIRysf7yZuQVpkSO0ldP1+QzIjpxT6kuUX4PtDfFLuIjDJyf6JclGNZmA9agdmV+nw=="
    }
  }
}
