{
  "name": "twitterBot",
  "version": "1.0.0",
  "lockfileVersion": 1,
  "requires": true,
  "dependencies": {
    "axios": {
      "version": "0.21.1",
      "resolved": "https://registry.npmjs.org/axios/-/axios-0.21.1.tgz",
      "integrity": "sha512-dKQiRHxGD9PPRIUNIWvZhPTPpl1rf/OxTYKsqKUDjBwYylTvV7SjSHJb9ratfyzM6wCdLCOYLzs73qpg5c4iGA==",
      "requires": {
        "follow-redirects": "^1.10.0"
      }
    },
    "base64-js": {
      "version": "1.5.1",
      "resolved": "https://registry.npmjs.org/base64-js/-/base64-js-1.5.1.tgz",
      "integrity": "sha512-AKpaYlHn8t4SVbOHCy+b5+KKgvR4vrsD8vbvrbiQJps7fKDTkjkDry6ji0rUJjC0kzbNePLwzxq8iypo41qeWA=="
    },
    "buffer": {
      "version": "5.7.1",
      "resolved": "https://registry.npmjs.org/buffer/-/buffer-5.7.1.tgz",
      "integrity": "sha512-EHcyIPBQ4BSGlvjB16k5KgAJ27CIsHY/2JBmCRReo48y9rQ3MaUzWX3KVlBa4U7MyX02HdVj0K7C3WaB3ju7FQ==",
      "requires": {
        "base64-js": "^1.3.1",
        "ieee754": "^1.1.13"
      }
    },
    "cross-fetch": {
      "version": "3.0.6",
      "resolved": "https://registry.npmjs.org/cross-fetch/-/cross-fetch-3.0.6.tgz",
      "integrity": "sha512-KBPUbqgFjzWlVcURG+Svp9TlhA5uliYtiNx/0r8nv0pdypeQCRJ9IaSIc3q/x3q8t3F75cHuwxVql1HFGHCNJQ==",
      "requires": {
        "node-fetch": "2.6.1"
      }
    },
    "dev-null-stream": {
      "version": "0.0.1",
      "resolved": "https://registry.npmjs.org/dev-null-stream/-/dev-null-stream-0.0.1.tgz",
      "integrity": "sha1-oqLie025mSjW2NRNXF9++9TLQ3I="
    },
    "follow-redirects": {
      "version": "1.13.2",
      "resolved": "https://registry.npmjs.org/follow-redirects/-/follow-redirects-1.13.2.tgz",
      "integrity": "sha512-6mPTgLxYm3r6Bkkg0vNM0HTjfGrOEtsfbhagQvbxDEsEkpNhw582upBaoRZylzen6krEmxXJgt9Ju6HiI4O7BA=="
    },
    "ieee754": {
      "version": "1.2.1",
      "resolved": "https://registry.npmjs.org/ieee754/-/ieee754-1.2.1.tgz",
      "integrity": "sha512-dcyqhDvX1C46lXZcVqCpK+FtMRQVdIMN6/Df5js2zouUsqG7I6sFxitIC+7KYK29KdXOLHdu9zL4sFnoVQnqaA=="
    },
    "node-fetch": {
      "version": "2.6.1",
      "resolved": "https://registry.npmjs.org/node-fetch/-/node-fetch-2.6.1.tgz",
      "integrity": "sha512-V4aYg89jEoVRxRb2fJdAg8FHvI7cEyYdVAh94HH0UIK8oJxUfkjlDQN9RbMx+bEjP7+ggMiFRprSti032Oipxw=="
    },
    "oauth": {
      "version": "0.9.15",
      "resolved": "https://registry.npmjs.org/oauth/-/oauth-0.9.15.tgz",
      "integrity": "sha1-vR/vr2hslrdUda7VGWQS/2DPucE="
    },
    "oauth-1.0a": {
      "version": "2.2.6",
      "resolved": "https://registry.npmjs.org/oauth-1.0a/-/oauth-1.0a-2.2.6.tgz",
      "integrity": "sha512-6bkxv3N4Gu5lty4viIcIAnq5GbxECviMBeKR3WX/q87SPQ8E8aursPZUtsXDnxCs787af09WPRBLqYrf/lwoYQ=="
    },
    "object-sizeof": {
      "version": "1.6.1",
      "resolved": "https://registry.npmjs.org/object-sizeof/-/object-sizeof-1.6.1.tgz",
      "integrity": "sha512-gNKGcRnDRXwEpAdwUY3Ef+aVZIrcQVXozSaVzHz6Pv4JxysH8vf5F+nIgsqW5T/YNwZNveh0mIW7PEH1O2MrDw==",
      "requires": {
        "buffer": "^5.6.0"
      }
    },
    "twitter-api-client": {
      "version": "1.3.0",
      "resolved": "https://registry.npmjs.org/twitter-api-client/-/twitter-api-client-1.3.0.tgz",
      "integrity": "sha512-wzZC2CG3SkgWigbsr7dSTdAgX6j70zqzx35suL+riuya39GF7x3AppLhWFLpX3IifZMYVi+vJBjO9FlT1OA6NA==",
      "requires": {
        "oauth": "^0.9.15",
        "object-sizeof": "^1.6.1"
      }
    },
    "twitter-lite": {
      "version": "0.14.0",
      "resolved": "https://registry.npmjs.org/twitter-lite/-/twitter-lite-0.14.0.tgz",
      "integrity": "sha512-AP7jnuEBIMA18fi3IDWT7fTOJVpZrl1ZwJKunGf2iknKv5BH4mpwBvJmu3RP59XHZFL3ckUcGGRw/INVRikBBg==",
      "requires": {
        "cross-fetch": "^3.0.0",
        "oauth-1.0a": "^2.2.4"
      }
    },
    "twitv2-stream": {
      "version": "1.0.9",
      "resolved": "https://registry.npmjs.org/twitv2-stream/-/twitv2-stream-1.0.9.tgz",
      "integrity": "sha512-iFnmDsJuyWTpcXpMvn1iOtgJoUE0e+aQsMkgIwDailjoEb5FO/sLUk/P2S9EGn2DxnWb/1wDrWTcuzvbJEg1+A==",
      "requires": {
        "axios": "^0.21.1",
        "dev-null-stream": "^0.0.1"
      }
    }
  }
}
